
Microsoft Visual Studio Solution File, Format Version 12.00
# Visual Studio Version 17
VisualStudioVersion = 17.7.34221.43
MinimumVisualStudioVersion = 10.0.40219.1
Project("{FAE04EC0-301F-11D3-BF4B-00C04F79EFBC}") = "LastBlazorCrud", "LastBlazorCrud\LastBlazorCrud.csproj", "{142CC0B6-7350-4A09-8B57-553D2EADA741}"
EndProject
Global
	GlobalSection(SolutionConfigurationPlatforms) = preSolution
		Debug|Any CPU = Debug|Any CPU
		Release|Any CPU = Release|Any CPU
	EndGlobalSection
	GlobalSection(ProjectConfigurationPlatforms) = postSolution
		{142CC0B6-7350-4A09-8B57-553D2EADA741}.Debug|Any CPU.ActiveCfg = Debug|Any CPU
		{142CC0B6-7350-4A09-8B57-553D2EADA741}.Debug|Any CPU.Build.0 = Debug|Any CPU
		{142CC0B6-7350-4A09-8B57-553D2EADA741}.Release|Any CPU.ActiveCfg = Release|Any CPU
		{142CC0B6-7350-4A09-8B57-553D2EADA741}.Release|Any CPU.Build.0 = Release|Any CPU
	EndGlobalSection
	GlobalSection(SolutionProperties) = preSolution
		HideSolutionNode = FALSE
	EndGlobalSection
	GlobalSection(ExtensibilityGlobals) = postSolution
		SolutionGuid = {64F52FA3-7134-4FFE-BA05-358A36E64A09}
	EndGlobalSection
EndGlobal
